// !$*UTF8*$!
{
	archiveVersion = 1;
	classes = {
	};
	objectVersion = 46;
	objects = {

/* Begin PBXBuildFile section */
		717D44501B21B716006934D9 /* AppDelegate.swift in Sources */ = {isa = PBXBuildFile; fileRef = 717D444F1B21B716006934D9 /* AppDelegate.swift */; };
		717D44521B21B716006934D9 /* ViewController.swift in Sources */ = {isa = PBXBuildFile; fileRef = 717D44511B21B716006934D9 /* ViewController.swift */; };
		717D44551B21B716006934D9 /* Main.storyboard in Resources */ = {isa = PBXBuildFile; fileRef = 717D44531B21B716006934D9 /* Main.storyboard */; };
		717D44571B21B716006934D9 /* Images.xcassets in Resources */ = {isa = PBXBuildFile; fileRef = 717D44561B21B716006934D9 /* Images.xcassets */; };
		717D445A1B21B716006934D9 /* LaunchScreen.xib in Resources */ = {isa = PBXBuildFile; fileRef = 717D44581B21B716006934D9 /* LaunchScreen.xib */; };
		717D44661B21B716006934D9 /* _______Tests.swift in Sources */ = {isa = PBXBuildFile; fileRef = 717D44651B21B716006934D9 /* _______Tests.swift */; };
/* End PBXBuildFile section */

/* Begin PBXContainerItemProxy section */
		717D44601B21B716006934D9 /* PBXContainerItemProxy */ = {
			isa = PBXContainerItemProxy;
			containerPortal = 717D44421B21B715006934D9 /* Project object */;
			proxyType = 1;
			remoteGlobalIDString = 717D44491B21B716006934D9;
			remoteInfo = "まゆゆカウント";
		};
/* End PBXContainerItemProxy section */

/* Begin PBXFileReference section */
		717D444A1B21B716006934D9 /* まゆゆカウント.app */ = {isa = PBXFileReference; explicitFileType = wrapper.application; includeInIndex = 0; path = "まゆゆカウント.app"; sourceTree = BUILT_PRODUCTS_DIR; };
		717D444E1B21B716006934D9 /* Info.plist */ = {isa = PBXFileReference; lastKnownFileType = text.plist.xml; path = Info.plist; sourceTree = "<group>"; };
		717D444F1B21B716006934D9 /* AppDelegate.swift */ = {isa = PBXFileReference; lastKnownFileType = sourcecode.swift; path = AppDelegate.swift; sourceTree = "<group>"; };
		717D44511B21B716006934D9 /* ViewController.swift */ = {isa = PBXFileReference; lastKnownFileType = sourcecode.swift; path = ViewController.swift; sourceTree = "<group>"; };
		717D44541B21B716006934D9 /* Base */ = {isa = PBXFileReference; lastKnownFileType = file.storyboard; name = Base; path = Base.lproj/Main.storyboard; sourceTree = "<group>"; };
		717D44561B21B716006934D9 /* Images.xcassets */ = {isa = PBXFileReference; lastKnownFileType = folder.assetcatalog; path = Images.xcassets; sourceTree = "<group>"; };
		717D44591B21B716006934D9 /* Base */ = {isa = PBXFileReference; lastKnownFileType = file.xib; name = Base; path = Base.lproj/LaunchScreen.xib; sourceTree = "<group>"; };
		717D445F1B21B716006934D9 /* まゆゆカウントTests.xctest */ = {isa = PBXFileReference; explicitFileType = wrapper.cfbundle; includeInIndex = 0; path = "まゆゆカウントTests.xctest"; sourceTree = BUILT_PRODUCTS_DIR; };
		717D44641B21B716006934D9 /* Info.plist */ = {isa = PBXFileReference; lastKnownFileType = text.plist.xml; path = Info.plist; sourceTree = "<group>"; };
		717D44651B21B716006934D9 /* _______Tests.swift */ = {isa = PBXFileReference; lastKnownFileType = sourcecode.swift; path = "_______Tests.swift"; sourceTree = "<group>"; };
/* End PBXFileReference section */

/* Begin PBXFrameworksBuildPhase section */
		717D44471B21B716006934D9 /* Frameworks */ = {
			isa = PBXFrameworksBuildPhase;
			buildActionMask = 2147483647;
			files = (
			);
			runOnlyForDeploymentPostprocessing = 0;
		};
		717D445C1B21B716006934D9 /* Frameworks */ = {
			isa = PBXFrameworksBuildPhase;
			buildActionMask = 2147483647;
			files = (
			);
			runOnlyForDeploymentPostprocessing = 0;
		};
/* End PBXFrameworksBuildPhase section */

/* Begin PBXGroup section */
		717D44411B21B715006934D9 = {
			isa = PBXGroup;
			children = (
				717D444C1B21B716006934D9 /* まゆゆカウント */,
				717D44621B21B716006934D9 /* まゆゆカウントTests */,
				717D444B1B21B716006934D9 /* Products */,
			);
			sourceTree = "<group>";
		};
		717D444B1B21B716006934D9 /* Products */ = {
			isa = PBXGroup;
			children = (
				717D444A1B21B716006934D9 /* まゆゆカウント.app */,
				717D445F1B21B716006934D9 /* まゆゆカウントTests.xctest */,
			);
			name = Products;
			sourceTree = "<group>";
		};
		717D444C1B21B716006934D9 /* まゆゆカウント */ = {
			isa = PBXGroup;
			children = (
				717D444F1B21B716006934D9 /* AppDelegate.swift */,
				717D44511B21B716006934D9 /* ViewController.swift */,
				717D44531B21B716006934D9 /* Main.storyboard */,
				717D44561B21B716006934D9 /* Images.xcassets */,
				717D44581B21B716006934D9 /* LaunchScreen.xib */,
				717D444D1B21B716006934D9 /* Supporting Files */,
			);
			path = "まゆゆカウント";
			sourceTree = "<group>";
		};
		717D444D1B21B716006934D9 /* Supporting Files */ = {
			isa = PBXGroup;
			children = (
				717D444E1B21B716006934D9 /* Info.plist */,
			);
			name = "Supporting Files";
			sourceTree = "<group>";
		};
		717D44621B21B716006934D9 /* まゆゆカウントTests */ = {
			isa = PBXGroup;
			children = (
				717D44651B21B716006934D9 /* _______Tests.swift */,
				717D44631B21B716006934D9 /* Supporting Files */,
			);
			path = "まゆゆカウントTests";
			sourceTree = "<group>";
		};
		717D44631B21B716006934D9 /* Supporting Files */ = {
			isa = PBXGroup;
			children = (
				717D44641B21B716006934D9 /* Info.plist */,
			);
			name = "Supporting Files";
			sourceTree = "<group>";
		};
/* End PBXGroup section */

/* Begin PBXNativeTarget section */
		717D44491B21B716006934D9 /* まゆゆカウント */ = {
			isa = PBXNativeTarget;
			buildConfigurationList = 717D44691B21B716006934D9 /* Build configuration list for PBXNativeTarget "まゆゆカウント" */;
			buildPhases = (
				717D44461B21B716006934D9 /* Sources */,
				717D44471B21B716006934D9 /* Frameworks */,
				717D44481B21B716006934D9 /* Resources */,
			);
			buildRules = (
			);
			dependencies = (
			);
			name = "まゆゆカウント";
			productName = "まゆゆカウント";
			productReference = 717D444A1B21B716006934D9 /* まゆゆカウント.app */;
			productType = "com.apple.product-type.application";
		};
		717D445E1B21B716006934D9 /* まゆゆカウントTests */ = {
			isa = PBXNativeTarget;
			buildConfigurationList = 717D446C1B21B716006934D9 /* Build configuration list for PBXNativeTarget "まゆゆカウントTests" */;
			buildPhases = (
				717D445B1B21B716006934D9 /* Sources */,
				717D445C1B21B716006934D9 /* Frameworks */,
				717D445D1B21B716006934D9 /* Resources */,
			);
			buildRules = (
			);
			dependencies = (
				717D44611B21B716006934D9 /* PBXTargetDependency */,
			);
			name = "まゆゆカウントTests";
			productName = "まゆゆカウントTests";
			productReference = 717D445F1B21B716006934D9 /* まゆゆカウントTests.xctest */;
			productType = "com.apple.product-type.bundle.unit-test";
		};
/* End PBXNativeTarget section */

/* Begin PBXProject section */
		717D44421B21B715006934D9 /* Project object */ = {
			isa = PBXProject;
			attributes = {
				LastUpgradeCheck = 0630;
				ORGANIZATIONNAME = miryon;
				TargetAttributes = {
					717D44491B21B716006934D9 = {
						CreatedOnToolsVersion = 6.3.2;
					};
					717D445E1B21B716006934D9 = {
						CreatedOnToolsVersion = 6.3.2;
						TestTargetID = 717D44491B21B716006934D9;
					};
				};
			};
			buildConfigurationList = 717D44451B21B715006934D9 /* Build configuration list for PBXProject "まゆゆカウント" */;
			compatibilityVersion = "Xcode 3.2";
			developmentRegion = English;
			hasScannedForEncodings = 0;
			knownRegions = (
				en,
				Base,
			);
			mainGroup = 717D44411B21B715006934D9;
			productRefGroup = 717D444B1B21B716006934D9 /* Products */;
			projectDirPath = "";
			projectRoot = "";
			targets = (
				717D44491B21B716006934D9 /* まゆゆカウント */,
				717D445E1B21B716006934D9 /* まゆゆカウントTests */,
			);
		};
/* End PBXProject section */

/* Begin PBXResourcesBuildPhase section */
		717D44481B21B716006934D9 /* Resources */ = {
			isa = PBXResourcesBuildPhase;
			buildActionMask = 2147483647;
			files = (
				717D44551B21B716006934D9 /* Main.storyboard in Resources */,
				717D445A1B21B716006934D9 /* LaunchScreen.xib in Resources */,
				717D44571B21B716006934D9 /* Images.xcassets in Resources */,
			);
			runOnlyForDeploymentPostprocessing = 0;
		};
		717D445D1B21B716006934D9 /* Resources */ = {
			isa = PBXResourcesBuildPhase;
			buildActionMask = 2147483647;
			files = (
			);
			runOnlyForDeploymentPostprocessing = 0;
		};
/* End PBXResourcesBuildPhase section */

/* Begin PBXSourcesBuildPhase section */
		717D44461B21B716006934D9 /* Sources */ = {
			isa = PBXSourcesBuildPhase;
			buildActionMask = 2147483647;
			files = (
				717D44521B21B716006934D9 /* ViewController.swift in Sources */,
				717D44501B21B716006934D9 /* AppDelegate.swift in Sources */,
			);
			runOnlyForDeploymentPostprocessing = 0;
		};
		717D445B1B21B716006934D9 /* Sources */ = {
			isa = PBXSourcesBuildPhase;
			buildActionMask = 2147483647;
			files = (
				717D44661B21B716006934D9 /* _______Tests.swift in Sources */,
			);
			runOnlyForDeploymentPostprocessing = 0;
		};
/* End PBXSourcesBuildPhase section */

/* Begin PBXTargetDependency section */
		717D44611B21B716006934D9 /* PBXTargetDependency */ = {
			isa = PBXTargetDependency;
			target = 717D44491B21B716006934D9 /* まゆゆカウント */;
			targetProxy = 717D44601B21B716006934D9 /* PBXContainerItemProxy */;
		};
/* End PBXTargetDependency section */

/* Begin PBXVariantGroup section */
		717D44531B21B716006934D9 /* Main.storyboard */ = {
			isa = PBXVariantGroup;
			children = (
				717D44541B21B716006934D9 /* Base */,
			);
			name = Main.storyboard;
			sourceTree = "<group>";
		};
		717D44581B21B716006934D9 /* LaunchScreen.xib */ = {
			isa = PBXVariantGroup;
			children = (
				717D44591B21B716006934D9 /* Base */,
			);
			name = LaunchScreen.xib;
			sourceTree = "<group>";
		};
/* End PBXVariantGroup section */

/* Begin XCBuildConfiguration section */
		717D44671B21B716006934D9 /* Debug */ = {
			isa = XCBuildConfiguration;
			buildSettings = {
				ALWAYS_SEARCH_USER_PATHS = NO;
				CLANG_CXX_LANGUAGE_STANDARD = "gnu++0x";
				CLANG_CXX_LIBRARY = "libc++";
				CLANG_ENABLE_MODULES = YES;
				CLANG_ENABLE_OBJC_ARC = YES;
				CLANG_WARN_BOOL_CONVERSION = YES;
				CLANG_WARN_CONSTANT_CONVERSION = YES;
				CLANG_WARN_DIRECT_OBJC_ISA_USAGE = YES_ERROR;
				CLANG_WARN_EMPTY_BODY = YES;
				CLANG_WARN_ENUM_CONVERSION = YES;
				CLANG_WARN_INT_CONVERSION = YES;
				CLANG_WARN_OBJC_ROOT_CLASS = YES_ERROR;
				CLANG_WARN_UNREACHABLE_CODE = YES;
				CLANG_WARN__DUPLICATE_METHOD_MATCH = YES;
				"CODE_SIGN_IDENTITY[sdk=iphoneos*]" = "iPhone Developer";
				COPY_PHASE_STRIP = NO;
				DEBUG_INFORMATION_FORMAT = "dwarf-with-dsym";
				ENABLE_STRICT_OBJC_MSGSEND = YES;
				GCC_C_LANGUAGE_STANDARD = gnu99;
				GCC_DYNAMIC_NO_PIC = NO;
				GCC_NO_COMMON_BLOCKS = YES;
				GCC_OPTIMIZATION_LEVEL = 0;
				GCC_PREPROCESSOR_DEFINITIONS = (
					"DEBUG=1",
					"$(inherited)",
				);
				GCC_SYMBOLS_PRIVATE_EXTERN = NO;
				GCC_WARN_64_TO_32_BIT_CONVERSION = YES;
				GCC_WARN_ABOUT_RETURN_TYPE = YES_ERROR;
				GCC_WARN_UNDECLARED_SELECTOR = YES;
				GCC_WARN_UNINITIALIZED_AUTOS = YES_AGGRESSIVE;
				GCC_WARN_UNUSED_FUNCTION = YES;
				GCC_WARN_UNUSED_VARIABLE = YES;
				IPHONEOS_DEPLOYMENT_TARGET = 8.3;
				MTL_ENABLE_DEBUG_INFO = YES;
				ONLY_ACTIVE_ARCH = YES;
				SDKROOT = iphoneos;
				SWIFT_OPTIMIZATION_LEVEL = "-Onone";
			};
			name = Debug;
		};
		717D44681B21B716006934D9 /* Release */ = {
			isa = XCBuildConfiguration;
			buildSettings = {
				ALWAYS_SEARCH_USER_PATHS = NO;
				CLANG_CXX_LANGUAGE_STANDARD = "gnu++0x";
				CLANG_CXX_LIBRARY = "libc++";
				CLANG_ENABLE_MODULES = YES;
				CLANG_ENABLE_OBJC_ARC = YES;
				CLANG_WARN_BOOL_CONVERSION = YES;
				CLANG_WARN_CONSTANT_CONVERSION = YES;
				CLANG_WARN_DIRECT_OBJC_ISA_USAGE = YES_ERROR;
				CLANG_WARN_EMPTY_BODY = YES;
				CLANG_WARN_ENUM_CONVERSION = YES;
				CLANG_WARN_INT_CONVERSION = YES;
				CLANG_WARN_OBJC_ROOT_CLASS = YES_ERROR;
				CLANG_WARN_UNREACHABLE_CODE = YES;
				CLANG_WARN__DUPLICATE_METHOD_MATCH = YES;
				"CODE_SIGN_IDENTITY[sdk=iphoneos*]" = "iPhone Developer";
				COPY_PHASE_STRIP = NO;
				DEBUG_INFORMATION_FORMAT = "dwarf-with-dsym";
				ENABLE_NS_ASSERTIONS = NO;
				ENABLE_STRICT_OBJC_MSGSEND = YES;
				GCC_C_LANGUAGE_STANDARD = gnu99;
				GCC_NO_COMMON_BLOCKS = YES;
				GCC_WARN_64_TO_32_BIT_CONVERSION = YES;
				GCC_WARN_ABOUT_RETURN_TYPE = YES_ERROR;
				GCC_WARN_UNDECLARED_SELECTOR = YES;
				GCC_WARN_UNINITIALIZED_AUTOS = YES_AGGRESSIVE;
				GCC_WARN_UNUSED_FUNCTION = YES;
				GCC_WARN_UNUSED_VARIABLE = YES;
				IPHONEOS_DEPLOYMENT_TARGET = 8.3;
				MTL_ENABLE_DEBUG_INFO = NO;
				SDKROOT = iphoneos;
				VALIDATE_PRODUCT = YES;
			};
			name = Release;
		};
		717D446A1B21B716006934D9 /* Debug */ = {
			isa = XCBuildConfiguration;
			buildSettings = {
				ASSETCATALOG_COMPILER_APPICON_NAME = AppIcon;
				INFOPLIST_FILE = "まゆゆカウント/Info.plist";
				LD_RUNPATH_SEARCH_PATHS = "$(inherited) @executable_path/Frameworks";
				PRODUCT_NAME = "$(TARGET_NAME)";
			};
			name = Debug;
		};
		717D446B1B21B716006934D9 /* Release */ = {
			isa = XCBuildConfiguration;
			buildSettings = {
				ASSETCATALOG_COMPILER_APPICON_NAME = AppIcon;
				INFOPLIST_FILE = "まゆゆカウント/Info.plist";
				LD_RUNPATH_SEARCH_PATHS = "$(inherited) @executable_path/Frameworks";
				PRODUCT_NAME = "$(TARGET_NAME)";
			};
			name = Release;
		};
		717D446D1B21B716006934D9 /* Debug */ = {
			isa = XCBuildConfiguration;
			buildSettings = {
				BUNDLE_LOADER = "$(TEST_HOST)";
				FRAMEWORK_SEARCH_PATHS = (
					"$(SDKROOT)/Developer/Library/Frameworks",
					"$(inherited)",
				);
				GCC_PREPROCESSOR_DEFINITIONS = (
					"DEBUG=1",
					"$(inherited)",
				);
				INFOPLIST_FILE = "まゆゆカウントTests/Info.plist";
				LD_RUNPATH_SEARCH_PATHS = "$(inherited) @executable_path/Frameworks @loader_path/Frameworks";
				PRODUCT_NAME = "$(TARGET_NAME)";
				TEST_HOST = "$(BUILT_PRODUCTS_DIR)/まゆゆカウント.app/まゆゆカウント";
			};
			name = Debug;
		};
		717D446E1B21B716006934D9 /* Release */ = {
			isa = XCBuildConfiguration;
			buildSettings = {
				BUNDLE_LOADER = "$(TEST_HOST)";
				FRAMEWORK_SEARCH_PATHS = (
					"$(SDKROOT)/Developer/Library/Frameworks",
					"$(inherited)",
				);
				INFOPLIST_FILE = "まゆゆカウントTests/Info.plist";
				LD_RUNPATH_SEARCH_PATHS = "$(inherited) @executable_path/Frameworks @loader_path/Frameworks";
				PRODUCT_NAME = "$(TARGET_NAME)";
				TEST_HOST = "$(BUILT_PRODUCTS_DIR)/まゆゆカウント.app/まゆゆカウント";
			};
			name = Release;
		};
/* End XCBuildConfiguration section */

/* Begin XCConfigurationList section */
		717D44451B21B715006934D9 /* Build configuration list for PBXProject "まゆゆカウント" */ = {
			isa = XCConfigurationList;
			buildConfigurations = (
				717D44671B21B716006934D9 /* Debug */,
				717D44681B21B716006934D9 /* Release */,
			);
			defaultConfigurationIsVisible = 0;
			defaultConfigurationName = Release;
		};
		717D44691B21B716006934D9 /* Build configuration list for PBXNativeTarget "まゆゆカウント" */ = {
			isa = XCConfigurationList;
			buildConfigurations = (
				717D446A1B21B716006934D9 /* Debug */,
				717D446B1B21B716006934D9 /* Release */,
			);
			defaultConfigurationIsVisible = 0;
		};
		717D446C1B21B716006934D9 /* Build configuration list for PBXNativeTarget "まゆゆカウントTests" */ = {
			isa = XCConfigurationList;
			buildConfigurations = (
				717D446D1B21B716006934D9 /* Debug */,
				717D446E1B21B716006934D9 /* Release */,
			);
			defaultConfigurationIsVisible = 0;
		};
/* End XCConfigurationList section */
	};
	rootObject = 717D44421B21B715006934D9 /* Project object */;
}
